
Microsoft Visual Studio Solution File, Format Version 12.00
Project("{FAE04EC0-301F-11D3-BF4B-00C04F79EFBC}") = "OPLab1", "OPLab1\OPLab1.csproj", "{F97C5681-FFA6-4982-816A-912ADAB2A62A}"
EndProject
Project("{FAE04EC0-301F-11D3-BF4B-00C04F79EFBC}") = "OPLab1Test", "OPLab1Test\OPLab1Test.csproj", "{70915AB1-1884-421B-8AD8-E637300E4775}"
EndProject
Global
	GlobalSection(SolutionConfigurationPlatforms) = preSolution
		Debug|Any CPU = Debug|Any CPU
		Release|Any CPU = Release|Any CPU
	EndGlobalSection
	GlobalSection(ProjectConfigurationPlatforms) = postSolution
		{F97C5681-FFA6-4982-816A-912ADAB2A62A}.Debug|Any CPU.ActiveCfg = Debug|Any CPU
		{F97C5681-FFA6-4982-816A-912ADAB2A62A}.Debug|Any CPU.Build.0 = Debug|Any CPU
		{F97C5681-FFA6-4982-816A-912ADAB2A62A}.Release|Any CPU.ActiveCfg = Release|Any CPU
		{F97C5681-FFA6-4982-816A-912ADAB2A62A}.Release|Any CPU.Build.0 = Release|Any CPU
		{70915AB1-1884-421B-8AD8-E637300E4775}.Debug|Any CPU.ActiveCfg = Debug|Any CPU
		{70915AB1-1884-421B-8AD8-E637300E4775}.Debug|Any CPU.Build.0 = Debug|Any CPU
		{70915AB1-1884-421B-8AD8-E637300E4775}.Release|Any CPU.ActiveCfg = Release|Any CPU
		{70915AB1-1884-421B-8AD8-E637300E4775}.Release|Any CPU.Build.0 = Release|Any CPU
	EndGlobalSection
EndGlobal
